GEM
  remote: https://rubygems.org/
  specs:
    base64 (0.3.0)
    logger (1.7.0)
    pathname (0.4.0)
    rexml (3.4.4)
    rubyzip (3.2.2)
    selenium-webdriver (4.41.0)
      base64 (~> 0.2)
      logger (~> 1.4)
      rexml (~> 3.2, >= 3.2.5)
      rubyzip (>= 1.2.2, < 4.0)
      websocket (~> 1.0)
    websocket (1.2.11)

PLATFORMS
  arm64-darwin-23
  arm64-darwin-24

DEPENDENCIES
  pathname (~> 0.4.0)
  selenium-webdriver (~> 4.26)

BUNDLED WITH
  4.0.6
